{
  "name": "ajs-clone",
  "version": "1.0.0",
  "lockfileVersion": 3,
  "requires": true,
  "packages": {
    "": {
      "name": "ajs-clone",
      "version": "1.0.0",
      "license": "ISC",
      "dependencies": {
        "@vetrovtimur/ajs": "^1.0.0"
      }
    },
    "node_modules/@vetrovtimur/ajs": {
      "version": "1.0.0",
      "resolved": "https://npm.pkg.github.com/download/@vetrovtimur/ajs/1.0.0/6ec0df2d91973e884d59a5bde773dfbf6ab97850",
      "integrity": "sha512-dVPCKIUP2i+YbwAIPAJprArsi542l0RM3w1ODmeUKS14TwsZqcbwNpMX9kXUEr+ZMS2pmVJlNXytHXqep1teLA==",
      "license": "ISC"
    }
  }
}
